lockfile_version: '2'
generated_at: '2026-08-27T16:33:03.449437+00:00'
apm_version: 0.27.0
dependencies:
- repo_url: devexpgbb/swampup-skills
  materialization_repo_url: DevExpGbb/swampup-skills
  name: otel-tracing
  host: github.com
  resolved_commit: 4c0d832ef95f6884b872250640c0e27b09bacab7
  resolved_ref: v1.1.0
  version: 1.1.0
  virtual_path: plugins/otel-tracing
  is_virtual: true
  package_type: marketplace_plugin
  deployed_files:
  - .agents/skills/otel-tracing
  - .agents/skills/otel-tracing/SKILL.md
  - .claude/skills/otel-tracing
  - .claude/skills/otel-tracing/SKILL.md
  deployed_file_hashes:
    .agents/skills/otel-tracing/SKILL.md: sha256:c099aac0652b2ea8fd2baa50bf4f02cebbb8335b88873565582cd06b6eda577e
    .claude/skills/otel-tracing/SKILL.md: sha256:c099aac0652b2ea8fd2baa50bf4f02cebbb8335b88873565582cd06b6eda577e
  content_hash: sha256:c6eb686440c1dc4348755b245d3a482053bdb3d94502fee2a5750ebf50d721b6
  constraint: ^1.0.0
  resolved_tag: v1.1.0
  resolved_at: '2026-08-27T16:33:03+00:00'
  declared_license: MIT
deployments:
- kind: project-relative
  target: claude
  value: .claude/skills/otel-tracing
  runtime: null
  scope: project
  owners:
  - devexpgbb/swampup-skills/plugins/otel-tracing
  active_owner: devexpgbb/swampup-skills/plugins/otel-tracing
  content_hash: null
- kind: project-relative
  target: claude
  value: .claude/skills/otel-tracing/SKILL.md
  runtime: null
  scope: project
  owners:
  - devexpgbb/swampup-skills/plugins/otel-tracing
  active_owner: devexpgbb/swampup-skills/plugins/otel-tracing
  content_hash: sha256:c099aac0652b2ea8fd2baa50bf4f02cebbb8335b88873565582cd06b6eda577e
- kind: project-relative
  target: copilot
  value: .agents/skills/otel-tracing
  runtime: null
  scope: project
  owners:
  - devexpgbb/swampup-skills/plugins/otel-tracing
  active_owner: devexpgbb/swampup-skills/plugins/otel-tracing
  content_hash: null
- kind: project-relative
  target: copilot
  value: .agents/skills/otel-tracing/SKILL.md
  runtime: null
  scope: project
  owners:
  - devexpgbb/swampup-skills/plugins/otel-tracing
  active_owner: devexpgbb/swampup-skills/plugins/otel-tracing
  content_hash: sha256:c099aac0652b2ea8fd2baa50bf4f02cebbb8335b88873565582cd06b6eda577e
